
Microsoft Visual Studio Solution File, Format Version 12.00
# Visual Studio Version 17
VisualStudioVersion = 17.10.35122.118
MinimumVisualStudioVersion = 10.0.40219.1
Project("{FAE04EC0-301F-11D3-BF4B-00C04F79EFBC}") = "UltimoParcialDesarolloWebChristianB", "UltimoParcialDesarolloWebChristianB.csproj", "{44B21013-CE28-473D-8B33-1558B69E31FF}"
EndProject
Global
	GlobalSection(SolutionConfigurationPlatforms) = preSolution
		Debug|Any CPU = Debug|Any CPU
		Release|Any CPU = Release|Any CPU
	EndGlobalSection
	GlobalSection(ProjectConfigurationPlatforms) = postSolution
		{44B21013-CE28-473D-8B33-1558B69E31FF}.Debug|Any CPU.ActiveCfg = Debug|Any CPU
		{44B21013-CE28-473D-8B33-1558B69E31FF}.Debug|Any CPU.Build.0 = Debug|Any CPU
		{44B21013-CE28-473D-8B33-1558B69E31FF}.Release|Any CPU.ActiveCfg = Release|Any CPU
		{44B21013-CE28-473D-8B33-1558B69E31FF}.Release|Any CPU.Build.0 = Release|Any CPU
	EndGlobalSection
	GlobalSection(SolutionProperties) = preSolution
		HideSolutionNode = FALSE
	EndGlobalSection
	GlobalSection(ExtensibilityGlobals) = postSolution
		SolutionGuid = {872BA52C-7096-4ECD-B724-70823BB405B4}
	EndGlobalSection
EndGlobal
